{"SurveyEntry":{"SurveyID":"SV_dakRwBj2imcDFYi","SurveyName":"QR Micro Viva","SurveyDescription":null,"SurveyOwnerID":"UR_breBildfhWExdDT","SurveyBrandID":"swinuw","DivisionID":"DV_2iueGm2nrVUhZDn","SurveyLanguage":"EN","SurveyActiveResponseSet":"RS_3yKdMKcs7SuyHJA","SurveyStatus":"Active","SurveyStartDate":"0000-00-00 00:00:00","SurveyExpirationDate":"0000-00-00 00:00:00","SurveyCreationDate":"2025-06-07 19:21:30","CreatorID":"UR_breBildfhWExdDT","LastModified":"2026-07-12 12:05:09","LastAccessed":"0000-00-00 00:00:00","LastActivated":"2025-06-07 22:25:06","Deleted":null},"SurveyElements":[{"SurveyID":"SV_dakRwBj2imcDFYi","Element":"BL","PrimaryAttribute":"Survey Blocks","SecondaryAttribute":null,"TertiaryAttribute":null,"Payload":{"1":{"Type":"Trash","Description":"Trash \/ Unused Questions","ID":"BL_9n9wNmatOxidrv0","BlockElements":[]},"2":{"Type":"Standard","SubType":"","Description":"Default Question Block","ID":"BL_6rq7nKRtWcAZaLA","BlockElements":[{"Type":"Question","QuestionID":"QID2"}]}}},{"SurveyID":"SV_dakRwBj2imcDFYi","Element":"FL","PrimaryAttribute":"Survey Flow","SecondaryAttribute":null,"TertiaryAttribute":null,"Payload":{"Type":"Root","FlowID":"FL_1","Flow":[{"Type":"Standard","ID":"BL_6rq7nKRtWcAZaLA","FlowID":"FL_8","Autofill":[]},{"Type":"Authenticator","FlowID":"FL_3","PanelData":{"LibraryID":"UR_breBildfhWExdDT","PanelID":"CG_1JDX3KHGT80mTPL","Type":"Expression","LogicType":"Panel"},"FieldData":{"0":{"0":{"PanelField":"RecipientEmail1","fieldLabel":"Please enter your university email address to claim your point.","Type":"Expression","LogicType":"EmbeddedField","Description":"<span class=\"ConjDesc\">If<\/span> <span class=\"LeftOpDesc\">undefined<\/span> <span class=\"OpDesc\">#<\/span> "},"Type":"If"},"Type":"BooleanExpression"},"FilterDataFields":true,"SSOOptions":{"respondentMap":[],"Type":"Token","token":{"EncryptionMethod":"3DES","MacMethod":"MD5","Leeway":300},"ldap":{"Hostname":"ldap:\/\/","Port":"389","EmailField":"mail","Filter":"(sAMAccountName=%1)","FirstNameField":"givenname","LastNameField":"sn","ExternalDataReferenceField":""},"UsePanel":"Yes","CaptureRespondentInfo":"No","UseSSO":"","cas":[]},"Options":{"maxAttempts":3,"questionText":{"SystemMessage":{"Section":"ErrorCodes","Message":"EAUTH04"}},"authenticationError":{"SystemMessage":{"Section":"ErrorCodes","Message":"EAUTH02"}},"failedAuthenticationError":{"SystemMessage":{"Section":"ErrorCodes","Message":"EAUTH05"}},"allowRetake":true,"loadExistingSession":false,"reauthenticateSession":false}}],"Properties":{"Count":8}}},{"SurveyID":"SV_dakRwBj2imcDFYi","Element":"PL","PrimaryAttribute":"Preview Link","SecondaryAttribute":null,"TertiaryAttribute":null,"Payload":{"PreviewType":"Brand","PreviewID":"be0f9d3c-0e7c-47e8-ba26-3af32fe383ea"}},{"SurveyID":"SV_dakRwBj2imcDFYi","Element":"PROJ","PrimaryAttribute":"CORE","SecondaryAttribute":null,"TertiaryAttribute":"1.1.0","Payload":{"ProjectCategory":"CORE","SchemaVersion":"1.1.0"}},{"SurveyID":"SV_dakRwBj2imcDFYi","Element":"QC","PrimaryAttribute":"Survey Question Count","SecondaryAttribute":"2","TertiaryAttribute":null,"Payload":null},{"SurveyID":"SV_dakRwBj2imcDFYi","Element":"QG","PrimaryAttribute":"QG_H0FVxz77k4saUH5","SecondaryAttribute":"Default Quota Group","TertiaryAttribute":null,"Payload":{"ID":"QG_H0FVxz77k4saUH5","Name":"Default Quota Group","Selected":true,"MultipleMatch":"PlaceInAll","Public":false,"Quotas":[]}},{"SurveyID":"SV_dakRwBj2imcDFYi","Element":"QGO","PrimaryAttribute":"QGO_QuotaGroupOrder","SecondaryAttribute":null,"TertiaryAttribute":null,"Payload":["QG_H0FVxz77k4saUH5"]},{"SurveyID":"SV_dakRwBj2imcDFYi","Element":"RS","PrimaryAttribute":"RS_3yKdMKcs7SuyHJA","SecondaryAttribute":"Default Response Set","TertiaryAttribute":null,"Payload":null},{"SurveyID":"SV_dakRwBj2imcDFYi","Element":"SCO","PrimaryAttribute":"Scoring","SecondaryAttribute":null,"TertiaryAttribute":null,"Payload":{"ScoringCategories":[],"ScoringCategoryGroups":[],"ScoringSummaryCategory":null,"ScoringSummaryAfterQuestions":0,"ScoringSummaryAfterSurvey":0,"DefaultScoringCategory":null,"AutoScoringCategory":null}},{"SurveyID":"SV_dakRwBj2imcDFYi","Element":"SO","PrimaryAttribute":"Survey Options","SecondaryAttribute":null,"TertiaryAttribute":null,"Payload":{"BackButton":"false","SaveAndContinue":"false","SurveyProtection":"ByInvitation","BallotBoxStuffingPrevention":"false","NoIndex":"Yes","SecureResponseFiles":"true","SurveyExpiration":"None","SurveyTermination":"DisplayMessage","Header":"","Footer":"","ProgressBarDisplay":"None","PartialData":"+1 day","ValidationMessage":null,"PreviousButton":"","NextButton":"","SurveyTitle":"Qualtrics Survey | Qualtrics Experience Management","SkinLibrary":"Qualtrics","SkinType":"templated","Skin":{"brandingId":null,"templateId":"*base","overrides":null},"NewScoring":1,"SurveyMetaDescription":"The most powerful, simple and trusted way to gather experience data. Start your journey to experience management and try a free account today.","EOSMessage":"MS_3IdvJYwwhRiXi1o","ShowExportTags":"false","CollectGeoLocation":"false","PasswordProtection":"No","AnonymizeResponse":"No","RefererCheck":"No","BallotBoxStuffingPreventionBehavior":null,"BallotBoxStuffingPreventionMessage":null,"BallotBoxStuffingPreventionMessageLibrary":null,"BallotBoxStuffingPreventionURL":null,"RecaptchaV3":"false","ConfirmStart":false,"AutoConfirmStart":false,"RelevantID":"false","RelevantIDLockoutPeriod":"+30 days","UseCustomSurveyLinkCompletedMessage":null,"SurveyLinkCompletedMessage":null,"SurveyLinkCompletedMessageLibrary":null,"ResponseSummary":"No","EOSMessageLibrary":"UR_breBildfhWExdDT","EOSRedirectURL":"http:\/\/","EmailThankYou":"false","ThankYouEmailMessageLibrary":null,"ThankYouEmailMessage":null,"ValidateMessage":"false","ValidationMessageLibrary":null,"InactiveSurvey":"DefaultMessage","PartialDeletion":null,"PartialDataCloseAfter":"LastActivity","InactiveMessageLibrary":null,"InactiveMessage":null,"AvailableLanguages":{"EN":[]},"SurveyName":"QR Micro Viva","ProtectSelectionIds":true}},{"SurveyID":"SV_dakRwBj2imcDFYi","Element":"SQ","PrimaryAttribute":"QID2","SecondaryAttribute":"Well done! You have received a point. It will be recorded towards your final grade. To claim your...","TertiaryAttribute":null,"Payload":{"QuestionText":"<div style=\"text-align: center;\"><img style=\"width: 720px; height: 480px;\" src=\"https:\/\/swinuw.au1.qualtrics.com\/CP\/Graphic.php?IM=IM_9LAFnjYrfTkmC8e\"><br>\nWell done! You have received a point. It will be recorded towards your final grade.<\/div><div style=\"text-align: center;\"><br><\/div><div style=\"text-align: center;\">To claim your point, please go to the next screen and provide your university credentials.<\/div>","DefaultChoices":false,"DataExportTag":"Q2","QuestionType":"DB","Selector":"TB","DataVisibility":{"Private":false,"Hidden":false},"Configuration":{"QuestionDescriptionOption":"UseText"},"QuestionDescription":"Well done! You have received a point. It will be recorded towards your final grade. To claim your...","ChoiceOrder":[],"Validation":{"Settings":{"Type":"None"}},"GradingData":[],"Language":[],"NextChoiceId":4,"NextAnswerId":1,"QuestionID":"QID2"}},{"SurveyID":"SV_dakRwBj2imcDFYi","Element":"STAT","PrimaryAttribute":"Survey Statistics","SecondaryAttribute":null,"TertiaryAttribute":null,"Payload":{"MobileCompatible":false,"ID":"Survey Statistics"}}]}